
Microsoft Visual Studio Solution File, Format Version 11.00
# Visual Studio 2010
Project("{FAE04EC0-301F-11D3-BF4B-00C04F79EFBC}") = "Access2Msssql", "Access2Msssql\Access2Msssql.csproj", "{FD243D6E-189A-4CAC-B6E2-4704101EC13D}"
EndProject
Global
	GlobalSection(SolutionConfigurationPlatforms) = preSolution
		Debug|Any CPU = Debug|Any CPU
		Release|Any CPU = Release|Any CPU
	EndGlobalSection
	GlobalSection(ProjectConfigurationPlatforms) = postSolution
		{FD243D6E-189A-4CAC-B6E2-4704101EC13D}.Debug|Any CPU.ActiveCfg = Debug|Any CPU
		{FD243D6E-189A-4CAC-B6E2-4704101EC13D}.Debug|Any CPU.Build.0 = Debug|Any CPU
		{FD243D6E-189A-4CAC-B6E2-4704101EC13D}.Release|Any CPU.ActiveCfg = Release|Any CPU
		{FD243D6E-189A-4CAC-B6E2-4704101EC13D}.Release|Any CPU.Build.0 = Release|Any CPU
	EndGlobalSection
	GlobalSection(SolutionProperties) = preSolution
		HideSolutionNode = FALSE
	EndGlobalSection
EndGlobal
